// !$*UTF8*$!
{
	archiveVersion = 1;
	classes = {
	};
	objectVersion = 46;
	objects = {

/* Begin PBXBuildFile section */
		8E85D8821D9924F1003244BC /* RssItem.swift in Sources */ = {isa = PBXBuildFile; fileRef = 8E85D8811D9924F1003244BC /* RssItem.swift */; };
		B901EAF1DD7FBFB10FA95352 /* Pods_trafikAppen.framework in Frameworks */ = {isa = PBXBuildFile; fileRef = 338BF22C60E791909C3AB629 /* Pods_trafikAppen.framework */; };
		EC4E54661D8D754600A8EFAF /* NewsTableViewCell.swift in Sources */ = {isa = PBXBuildFile; fileRef = EC4E54651D8D754600A8EFAF /* NewsTableViewCell.swift */; };
		EC4E54681D8D7AEB00A8EFAF /* FeedParser.swift in Sources */ = {isa = PBXBuildFile; fileRef = EC4E54671D8D7AEB00A8EFAF /* FeedParser.swift */; };
		EC7A5C821D8E8B59008E011D /* GoogleService-Info.plist in Resources */ = {isa = PBXBuildFile; fileRef = EC7A5C811D8E8B59008E011D /* GoogleService-Info.plist */; };
		EC7A5C841D8EA01C008E011D /* TrafficContentViewController.swift in Sources */ = {isa = PBXBuildFile; fileRef = EC7A5C831D8EA01C008E011D /* TrafficContentViewController.swift */; };
		EC7A5C861D905AD1008E011D /* MenuTableViewController.swift in Sources */ = {isa = PBXBuildFile; fileRef = EC7A5C851D905AD1008E011D /* MenuTableViewController.swift */; };
		EC7A5C881D905AEF008E011D /* MenuTableViewCell.swift in Sources */ = {isa = PBXBuildFile; fileRef = EC7A5C871D905AEF008E011D /* MenuTableViewCell.swift */; };
		EC7A5C8A1D9066B1008E011D /* MenuTransitionManager.swift in Sources */ = {isa = PBXBuildFile; fileRef = EC7A5C891D9066B1008E011D /* MenuTransitionManager.swift */; };
		ECF8AC3C1D8D37340055F93C /* AppDelegate.swift in Sources */ = {isa = PBXBuildFile; fileRef = ECF8AC3B1D8D37340055F93C /* AppDelegate.swift */; };
		ECF8AC3E1D8D37340055F93C /* ViewController.swift in Sources */ = {isa = PBXBuildFile; fileRef = ECF8AC3D1D8D37340055F93C /* ViewController.swift */; };
		ECF8AC411D8D37340055F93C /* Main.storyboard in Resources */ = {isa = PBXBuildFile; fileRef = ECF8AC3F1D8D37340055F93C /* Main.storyboard */; };
		ECF8AC441D8D37340055F93C /* trafikAppen.xcdatamodeld in Sources */ = {isa = PBXBuildFile; fileRef = ECF8AC421D8D37340055F93C /* trafikAppen.xcdatamodeld */; };
		ECF8AC461D8D37340055F93C /* Assets.xcassets in Resources */ = {isa = PBXBuildFile; fileRef = ECF8AC451D8D37340055F93C /* Assets.xcassets */; };
		ECF8AC491D8D37340055F93C /* LaunchScreen.storyboard in Resources */ = {isa = PBXBuildFile; fileRef = ECF8AC471D8D37340055F93C /* LaunchScreen.storyboard */; };
/* End PBXBuildFile section */

/* Begin PBXFileReference section */
		338BF22C60E791909C3AB629 /* Pods_trafikAppen.framework */ = {isa = PBXFileReference; explicitFileType = wrapper.framework; includeInIndex = 0; path = Pods_trafikAppen.framework; sourceTree = BUILT_PRODUCTS_DIR; };
		8E85D8811D9924F1003244BC /* RssItem.swift */ = {isa = PBXFileReference; fileEncoding = 4; lastKnownFileType = sourcecode.swift; path = RssItem.swift; sourceTree = "<group>"; };
		BDB6149579AACA37DA76BEA7 /* Pods-trafikAppen.debug.xcconfig */ = {isa = PBXFileReference; includeInIndex = 1; lastKnownFileType = text.xcconfig; name = "Pods-trafikAppen.debug.xcconfig"; path = "Pods/Target Support Files/Pods-trafikAppen/Pods-trafikAppen.debug.xcconfig"; sourceTree = "<group>"; };
		EC4E54651D8D754600A8EFAF /* NewsTableViewCell.swift */ = {isa = PBXFileReference; fileEncoding = 4; lastKnownFileType = sourcecode.swift; path = NewsTableViewCell.swift; sourceTree = "<group>"; };
		EC4E54671D8D7AEB00A8EFAF /* FeedParser.swift */ = {isa = PBXFileReference; fileEncoding = 4; lastKnownFileType = sourcecode.swift; path = FeedParser.swift; sourceTree = "<group>"; };
		EC7A5C811D8E8B59008E011D /* GoogleService-Info.plist */ = {isa = PBXFileReference; fileEncoding = 4; lastKnownFileType = text.plist.xml; path = "GoogleService-Info.plist"; sourceTree = "<group>"; };
		EC7A5C831D8EA01C008E011D /* TrafficContentViewController.swift */ = {isa = PBXFileReference; fileEncoding = 4; lastKnownFileType = sourcecode.swift; path = TrafficContentViewController.swift; sourceTree = "<group>"; };
		EC7A5C851D905AD1008E011D /* MenuTableViewController.swift */ = {isa = PBXFileReference; fileEncoding = 4; lastKnownFileType = sourcecode.swift; path = MenuTableViewController.swift; sourceTree = "<group>"; };
		EC7A5C871D905AEF008E011D /* MenuTableViewCell.swift */ = {isa = PBXFileReference; fileEncoding = 4; lastKnownFileType = sourcecode.swift; path = MenuTableViewCell.swift; sourceTree = "<group>"; };
		EC7A5C891D9066B1008E011D /* MenuTransitionManager.swift */ = {isa = PBXFileReference; fileEncoding = 4; lastKnownFileType = sourcecode.swift; path = MenuTransitionManager.swift; sourceTree = "<group>"; };
		ECF8AC381D8D37340055F93C /* trafikAppen.app */ = {isa = PBXFileReference; explicitFileType = wrapper.application; includeInIndex = 0; path = trafikAppen.app; sourceTree = BUILT_PRODUCTS_DIR; };
		ECF8AC3B1D8D37340055F93C /* AppDelegate.swift */ = {isa = PBXFileReference; lastKnownFileType = sourcecode.swift; path = AppDelegate.swift; sourceTree = "<group>"; };
		ECF8AC3D1D8D37340055F93C /* ViewController.swift */ = {isa = PBXFileReference; lastKnownFileType = sourcecode.swift; path = ViewController.swift; sourceTree = "<group>"; };
		ECF8AC401D8D37340055F93C /* Base */ = {isa = PBXFileReference; lastKnownFileType = file.storyboard; name = Base; path = Base.lproj/Main.storyboard; sourceTree = "<group>"; };
		ECF8AC431D8D37340055F93C /* trafikAppen.xcdatamodel */ = {isa = PBXFileReference; lastKnownFileType = wrapper.xcdatamodel; path = trafikAppen.xcdatamodel; sourceTree = "<group>"; };
		ECF8AC451D8D37340055F93C /* Assets.xcassets */ = {isa = PBXFileReference; lastKnownFileType = folder.assetcatalog; path = Assets.xcassets; sourceTree = "<group>"; };
		ECF8AC481D8D37340055F93C /* Base */ = {isa = PBXFileReference; lastKnownFileType = file.storyboard; name = Base; path = Base.lproj/LaunchScreen.storyboard; sourceTree = "<group>"; };
		ECF8AC4A1D8D37340055F93C /* Info.plist */ = {isa = PBXFileReference; lastKnownFileType = text.plist.xml; path = Info.plist; sourceTree = "<group>"; };
		F39F892FEA03546D47BB9AD2 /* Pods-trafikAppen.release.xcconfig */ = {isa = PBXFileReference; includeInIndex = 1; lastKnownFileType = text.xcconfig; name = "Pods-trafikAppen.release.xcconfig"; path = "Pods/Target Support Files/Pods-trafikAppen/Pods-trafikAppen.release.xcconfig"; sourceTree = "<group>"; };
/* End PBXFileReference section */

/* Begin PBXFrameworksBuildPhase section */
		ECF8AC351D8D37340055F93C /* Frameworks */ = {
			isa = PBXFrameworksBuildPhase;
			buildActionMask = 2147483647;
			files = (
				B901EAF1DD7FBFB10FA95352 /* Pods_trafikAppen.framework in Frameworks */,
			);
			runOnlyForDeploymentPostprocessing = 0;
		};
/* End PBXFrameworksBuildPhase section */

/* Begin PBXGroup section */
		00EFD5E0BC6827D6F1057431 /* Frameworks */ = {
			isa = PBXGroup;
			children = (
				338BF22C60E791909C3AB629 /* Pods_trafikAppen.framework */,
			);
			name = Frameworks;
			sourceTree = "<group>";
		};
		880E7A0D1CFB9A9FB07AEA05 /* Pods */ = {
			isa = PBXGroup;
			children = (
				BDB6149579AACA37DA76BEA7 /* Pods-trafikAppen.debug.xcconfig */,
				F39F892FEA03546D47BB9AD2 /* Pods-trafikAppen.release.xcconfig */,
			);
			name = Pods;
			sourceTree = "<group>";
		};
		8E85D87E1D9923C4003244BC /* Initial Controler */ = {
			isa = PBXGroup;
			children = (
				ECF8AC3D1D8D37340055F93C /* ViewController.swift */,
				EC4E54651D8D754600A8EFAF /* NewsTableViewCell.swift */,
			);
			name = "Initial Controler";
			sourceTree = "<group>";
		};
		8E85D87F1D9923E7003244BC /* TrafficControler */ = {
			isa = PBXGroup;
			children = (
				EC7A5C831D8EA01C008E011D /* TrafficContentViewController.swift */,
			);
			name = TrafficControler;
			sourceTree = "<group>";
		};
		8E85D8801D992408003244BC /* Model */ = {
			isa = PBXGroup;
			children = (
				EC4E54671D8D7AEB00A8EFAF /* FeedParser.swift */,
				8E85D8811D9924F1003244BC /* RssItem.swift */,
			);
			name = Model;
			sourceTree = "<group>";
		};
		EC4E54621D8D58C900A8EFAF /* Resources */ = {
			isa = PBXGroup;
			children = (
				ECF8AC451D8D37340055F93C /* Assets.xcassets */,
				ECF8AC4A1D8D37340055F93C /* Info.plist */,
				EC7A5C811D8E8B59008E011D /* GoogleService-Info.plist */,
				ECF8AC421D8D37340055F93C /* trafikAppen.xcdatamodeld */,
			);
			name = Resources;
			sourceTree = "<group>";
		};
		EC4E54631D8D5ADC00A8EFAF /* Controller */ = {
			isa = PBXGroup;
			children = (
				ECF8AC3B1D8D37340055F93C /* AppDelegate.swift */,
				EC7A5C851D905AD1008E011D /* MenuTableViewController.swift */,
			);
			name = Controller;
			sourceTree = "<group>";
		};
		EC4E54641D8D5B0E00A8EFAF /* View */ = {
			isa = PBXGroup;
			children = (
				EC7A5C871D905AEF008E011D /* MenuTableViewCell.swift */,
				EC7A5C891D9066B1008E011D /* MenuTransitionManager.swift */,
			);
			name = View;
			sourceTree = "<group>";
		};
		ECF8AC2F1D8D37340055F93C = {
			isa = PBXGroup;
			children = (
				ECF8AC3A1D8D37340055F93C /* trafikAppen */,
				ECF8AC391D8D37340055F93C /* Products */,
				880E7A0D1CFB9A9FB07AEA05 /* Pods */,
				00EFD5E0BC6827D6F1057431 /* Frameworks */,
			);
			sourceTree = "<group>";
		};
		ECF8AC391D8D37340055F93C /* Products */ = {
			isa = PBXGroup;
			children = (
				ECF8AC381D8D37340055F93C /* trafikAppen.app */,
			);
			name = Products;
			sourceTree = "<group>";
		};
		ECF8AC3A1D8D37340055F93C /* trafikAppen */ = {
			isa = PBXGroup;
			children = (
				8E85D8801D992408003244BC /* Model */,
				8E85D87F1D9923E7003244BC /* TrafficControler */,
				8E85D87E1D9923C4003244BC /* Initial Controler */,
				ECF8AC3F1D8D37340055F93C /* Main.storyboard */,
				ECF8AC471D8D37340055F93C /* LaunchScreen.storyboard */,
				EC4E54631D8D5ADC00A8EFAF /* Controller */,
				EC4E54641D8D5B0E00A8EFAF /* View */,
				EC4E54621D8D58C900A8EFAF /* Resources */,
			);
			path = trafikAppen;
			sourceTree = "<group>";
		};
/* End PBXGroup section */

/* Begin PBXNativeTarget section */
		ECF8AC371D8D37340055F93C /* trafikAppen */ = {
			isa = PBXNativeTarget;
			buildConfigurationList = ECF8AC4D1D8D37340055F93C /* Build configuration list for PBXNativeTarget "trafikAppen" */;
			buildPhases = (
				FD7EC677DB49D27DD7C3DD07 /* [CP] Check Pods Manifest.lock */,
				ECF8AC341D8D37340055F93C /* Sources */,
				ECF8AC351D8D37340055F93C /* Frameworks */,
				ECF8AC361D8D37340055F93C /* Resources */,
				F01241EC874C6436615F1217 /* [CP] Embed Pods Frameworks */,
				0DC5F6E91B3A75F1A709118C /* [CP] Copy Pods Resources */,
			);
			buildRules = (
			);
			dependencies = (
			);
			name = trafikAppen;
			productName = trafikAppen;
			productReference = ECF8AC381D8D37340055F93C /* trafikAppen.app */;
			productType = "com.apple.product-type.application";
		};
/* End PBXNativeTarget section */

/* Begin PBXProject section */
		ECF8AC301D8D37340055F93C /* Project object */ = {
			isa = PBXProject;
			attributes = {
				LastSwiftUpdateCheck = 0800;
				LastUpgradeCheck = 0800;
				ORGANIZATIONNAME = "Ceonn Bobst";
				TargetAttributes = {
					ECF8AC371D8D37340055F93C = {
						CreatedOnToolsVersion = 8.0;
						DevelopmentTeam = 65KF5JH7Y3;
						LastSwiftMigration = 0800;
						ProvisioningStyle = Automatic;
					};
				};
			};
			buildConfigurationList = ECF8AC331D8D37340055F93C /* Build configuration list for PBXProject "trafikAppen" */;
			compatibilityVersion = "Xcode 3.2";
			developmentRegion = English;
			hasScannedForEncodings = 0;
			knownRegions = (
				en,
				Base,
			);
			mainGroup = ECF8AC2F1D8D37340055F93C;
			productRefGroup = ECF8AC391D8D37340055F93C /* Products */;
			projectDirPath = "";
			projectRoot = "";
			targets = (
				ECF8AC371D8D37340055F93C /* trafikAppen */,
			);
		};
/* End PBXProject section */

/* Begin PBXResourcesBuildPhase section */
		ECF8AC361D8D37340055F93C /* Resources */ = {
			isa = PBXResourcesBuildPhase;
			buildActionMask = 2147483647;
			files = (
				EC7A5C821D8E8B59008E011D /* GoogleService-Info.plist in Resources */,
				ECF8AC491D8D37340055F93C /* LaunchScreen.storyboard in Resources */,
				ECF8AC461D8D37340055F93C /* Assets.xcassets in Resources */,
				ECF8AC411D8D37340055F93C /* Main.storyboard in Resources */,
			);
			runOnlyForDeploymentPostprocessing = 0;
		};
/* End PBXResourcesBuildPhase section */

/* Begin PBXShellScriptBuildPhase section */
		0DC5F6E91B3A75F1A709118C /* [CP] Copy Pods Resources */ = {
			isa = PBXShellScriptBuildPhase;
			buildActionMask = 2147483647;
			files = (
			);
			inputPaths = (
			);
			name = "[CP] Copy Pods Resources";
			outputPaths = (
			);
			runOnlyForDeploymentPostprocessing = 0;
			shellPath = /bin/sh;
			shellScript = "\"${SRCROOT}/Pods/Target Support Files/Pods-trafikAppen/Pods-trafikAppen-resources.sh\"\n";
			showEnvVarsInLog = 0;
		};
		F01241EC874C6436615F1217 /* [CP] Embed Pods Frameworks */ = {
			isa = PBXShellScriptBuildPhase;
			buildActionMask = 2147483647;
			files = (
			);
			inputPaths = (
			);
			name = "[CP] Embed Pods Frameworks";
			outputPaths = (
			);
			runOnlyForDeploymentPostprocessing = 0;
			shellPath = /bin/sh;
			shellScript = "\"${SRCROOT}/Pods/Target Support Files/Pods-trafikAppen/Pods-trafikAppen-frameworks.sh\"\n";
			showEnvVarsInLog = 0;
		};
		FD7EC677DB49D27DD7C3DD07 /* [CP] Check Pods Manifest.lock */ = {
			isa = PBXShellScriptBuildPhase;
			buildActionMask = 2147483647;
			files = (
			);
			inputPaths = (
			);
			name = "[CP] Check Pods Manifest.lock";
			outputPaths = (
			);
			runOnlyForDeploymentPostprocessing = 0;
			shellPath = /bin/sh;
			shellScript = "diff \"${PODS_ROOT}/../Podfile.lock\" \"${PODS_ROOT}/Manifest.lock\" > /dev/null\nif [[ $? != 0 ]] ; then\n    cat << EOM\nerror: The sandbox is not in sync with the Podfile.lock. Run 'pod install' or update your CocoaPods installation.\nEOM\n    exit 1\nfi\n";
			showEnvVarsInLog = 0;
		};
/* End PBXShellScriptBuildPhase section */

/* Begin PBXSourcesBuildPhase section */
		ECF8AC341D8D37340055F93C /* Sources */ = {
			isa = PBXSourcesBuildPhase;
			buildActionMask = 2147483647;
			files = (
				ECF8AC3E1D8D37340055F93C /* ViewController.swift in Sources */,
				EC7A5C861D905AD1008E011D /* MenuTableViewController.swift in Sources */,
				EC7A5C881D905AEF008E011D /* MenuTableViewCell.swift in Sources */,
				ECF8AC441D8D37340055F93C /* trafikAppen.xcdatamodeld in Sources */,
				EC7A5C8A1D9066B1008E011D /* MenuTransitionManager.swift in Sources */,
				EC7A5C841D8EA01C008E011D /* TrafficContentViewController.swift in Sources */,
				EC4E54661D8D754600A8EFAF /* NewsTableViewCell.swift in Sources */,
				ECF8AC3C1D8D37340055F93C /* AppDelegate.swift in Sources */,
				EC4E54681D8D7AEB00A8EFAF /* FeedParser.swift in Sources */,
				8E85D8821D9924F1003244BC /* RssItem.swift in Sources */,
			);
			runOnlyForDeploymentPostprocessing = 0;
		};
/* End PBXSourcesBuildPhase section */

/* Begin PBXVariantGroup section */
		ECF8AC3F1D8D37340055F93C /* Main.storyboard */ = {
			isa = PBXVariantGroup;
			children = (
				ECF8AC401D8D37340055F93C /* Base */,
			);
			name = Main.storyboard;
			sourceTree = "<group>";
		};
		ECF8AC471D8D37340055F93C /* LaunchScreen.storyboard */ = {
			isa = PBXVariantGroup;
			children = (
				ECF8AC481D8D37340055F93C /* Base */,
			);
			name = LaunchScreen.storyboard;
			sourceTree = "<group>";
		};
/* End PBXVariantGroup section */

/* Begin XCBuildConfiguration section */
		ECF8AC4B1D8D37340055F93C /* Debug */ = {
			isa = XCBuildConfiguration;
			buildSettings = {
				ALWAYS_SEARCH_USER_PATHS = NO;
				CLANG_ANALYZER_NONNULL = YES;
				CLANG_CXX_LANGUAGE_STANDARD = "gnu++0x";
				CLANG_CXX_LIBRARY = "libc++";
				CLANG_ENABLE_MODULES = YES;
				CLANG_ENABLE_OBJC_ARC = YES;
				CLANG_WARN_BOOL_CONVERSION = YES;
				CLANG_WARN_CONSTANT_CONVERSION = YES;
				CLANG_WARN_DIRECT_OBJC_ISA_USAGE = YES_ERROR;
				CLANG_WARN_DOCUMENTATION_COMMENTS = YES;
				CLANG_WARN_EMPTY_BODY = YES;
				CLANG_WARN_ENUM_CONVERSION = YES;
				CLANG_WARN_INFINITE_RECURSION = YES;
				CLANG_WARN_INT_CONVERSION = YES;
				CLANG_WARN_OBJC_ROOT_CLASS = YES_ERROR;
				CLANG_WARN_SUSPICIOUS_MOVES = YES;
				CLANG_WARN_UNREACHABLE_CODE = YES;
				CLANG_WARN__DUPLICATE_METHOD_MATCH = YES;
				"CODE_SIGN_IDENTITY[sdk=iphoneos*]" = "iPhone Developer";
				COPY_PHASE_STRIP = NO;
				DEBUG_INFORMATION_FORMAT = dwarf;
				ENABLE_STRICT_OBJC_MSGSEND = YES;
				ENABLE_TESTABILITY = YES;
				GCC_C_LANGUAGE_STANDARD = gnu99;
				GCC_DYNAMIC_NO_PIC = NO;
				GCC_NO_COMMON_BLOCKS = YES;
				GCC_OPTIMIZATION_LEVEL = 0;
				GCC_PREPROCESSOR_DEFINITIONS = (
					"DEBUG=1",
					"$(inherited)",
				);
				GCC_WARN_64_TO_32_BIT_CONVERSION = YES;
				GCC_WARN_ABOUT_RETURN_TYPE = YES_ERROR;
				GCC_WARN_UNDECLARED_SELECTOR = YES;
				GCC_WARN_UNINITIALIZED_AUTOS = YES_AGGRESSIVE;
				GCC_WARN_UNUSED_FUNCTION = YES;
				GCC_WARN_UNUSED_VARIABLE = YES;
				IPHONEOS_DEPLOYMENT_TARGET = 10.0;
				MTL_ENABLE_DEBUG_INFO = YES;
				ONLY_ACTIVE_ARCH = YES;
				SDKROOT = iphoneos;
				SWIFT_ACTIVE_COMPILATION_CONDITIONS = DEBUG;
				SWIFT_OPTIMIZATION_LEVEL = "-Onone";
			};
			name = Debug;
		};
		ECF8AC4C1D8D37340055F93C /* Release */ = {
			isa = XCBuildConfiguration;
			buildSettings = {
				ALWAYS_SEARCH_USER_PATHS = NO;
				CLANG_ANALYZER_NONNULL = YES;
				CLANG_CXX_LANGUAGE_STANDARD = "gnu++0x";
				CLANG_CXX_LIBRARY = "libc++";
				CLANG_ENABLE_MODULES = YES;
				CLANG_ENABLE_OBJC_ARC = YES;
				CLANG_WARN_BOOL_CONVERSION = YES;
				CLANG_WARN_CONSTANT_CONVERSION = YES;
				CLANG_WARN_DIRECT_OBJC_ISA_USAGE = YES_ERROR;
				CLANG_WARN_DOCUMENTATION_COMMENTS = YES;
				CLANG_WARN_EMPTY_BODY = YES;
				CLANG_WARN_ENUM_CONVERSION = YES;
				CLANG_WARN_INFINITE_RECURSION = YES;
				CLANG_WARN_INT_CONVERSION = YES;
				CLANG_WARN_OBJC_ROOT_CLASS = YES_ERROR;
				CLANG_WARN_SUSPICIOUS_MOVES = YES;
				CLANG_WARN_UNREACHABLE_CODE = YES;
				CLANG_WARN__DUPLICATE_METHOD_MATCH = YES;
				"CODE_SIGN_IDENTITY[sdk=iphoneos*]" = "iPhone Developer";
				COPY_PHASE_STRIP = NO;
				DEBUG_INFORMATION_FORMAT = "dwarf-with-dsym";
				ENABLE_NS_ASSERTIONS = NO;
				ENABLE_STRICT_OBJC_MSGSEND = YES;
				GCC_C_LANGUAGE_STANDARD = gnu99;
				GCC_NO_COMMON_BLOCKS = YES;
				GCC_WARN_64_TO_32_BIT_CONVERSION = YES;
				GCC_WARN_ABOUT_RETURN_TYPE = YES_ERROR;
				GCC_WARN_UNDECLARED_SELECTOR = YES;
				GCC_WARN_UNINITIALIZED_AUTOS = YES_AGGRESSIVE;
				GCC_WARN_UNUSED_FUNCTION = YES;
				GCC_WARN_UNUSED_VARIABLE = YES;
				IPHONEOS_DEPLOYMENT_TARGET = 10.0;
				MTL_ENABLE_DEBUG_INFO = NO;
				SDKROOT = iphoneos;
				SWIFT_OPTIMIZATION_LEVEL = "-Owholemodule";
				VALIDATE_PRODUCT = YES;
			};
			name = Release;
		};
		ECF8AC4E1D8D37340055F93C /* Debug */ = {
			isa = XCBuildConfiguration;
			baseConfigurationReference = BDB6149579AACA37DA76BEA7 /* Pods-trafikAppen.debug.xcconfig */;
			buildSettings = {
				ASSETCATALOG_COMPILER_APPICON_NAME = AppIcon;
				DEVELOPMENT_TEAM = 65KF5JH7Y3;
				INFOPLIST_FILE = trafikAppen/Info.plist;
				LD_RUNPATH_SEARCH_PATHS = "$(inherited) @executable_path/Frameworks";
				PRODUCT_BUNDLE_IDENTIFIER = com.ceonn.trafikAppen;
				PRODUCT_NAME = "$(TARGET_NAME)";
				SWIFT_VERSION = 3.0;
			};
			name = Debug;
		};
		ECF8AC4F1D8D37340055F93C /* Release */ = {
			isa = XCBuildConfiguration;
			baseConfigurationReference = F39F892FEA03546D47BB9AD2 /* Pods-trafikAppen.release.xcconfig */;
			buildSettings = {
				ASSETCATALOG_COMPILER_APPICON_NAME = AppIcon;
				DEVELOPMENT_TEAM = 65KF5JH7Y3;
				INFOPLIST_FILE = trafikAppen/Info.plist;
				LD_RUNPATH_SEARCH_PATHS = "$(inherited) @executable_path/Frameworks";
				PRODUCT_BUNDLE_IDENTIFIER = com.ceonn.trafikAppen;
				PRODUCT_NAME = "$(TARGET_NAME)";
				SWIFT_VERSION = 3.0;
			};
			name = Release;
		};
/* End XCBuildConfiguration section */

/* Begin XCConfigurationList section */
		ECF8AC331D8D37340055F93C /* Build configuration list for PBXProject "trafikAppen" */ = {
			isa = XCConfigurationList;
			buildConfigurations = (
				ECF8AC4B1D8D37340055F93C /* Debug */,
				ECF8AC4C1D8D37340055F93C /* Release */,
			);
			defaultConfigurationIsVisible = 0;
			defaultConfigurationName = Release;
		};
		ECF8AC4D1D8D37340055F93C /* Build configuration list for PBXNativeTarget "trafikAppen" */ = {
			isa = XCConfigurationList;
			buildConfigurations = (
				ECF8AC4E1D8D37340055F93C /* Debug */,
				ECF8AC4F1D8D37340055F93C /* Release */,
			);
			defaultConfigurationIsVisible = 0;
			defaultConfigurationName = Release;
		};
/* End XCConfigurationList section */

/* Begin XCVersionGroup section */
		ECF8AC421D8D37340055F93C /* trafikAppen.xcdatamodeld */ = {
			isa = XCVersionGroup;
			children = (
				ECF8AC431D8D37340055F93C /* trafikAppen.xcdatamodel */,
			);
			currentVersion = ECF8AC431D8D37340055F93C /* trafikAppen.xcdatamodel */;
			path = trafikAppen.xcdatamodeld;
			sourceTree = "<group>";
			versionGroupType = wrapper.xcdatamodel;
		};
/* End XCVersionGroup section */
	};
	rootObject = ECF8AC301D8D37340055F93C /* Project object */;
}
